// !$*UTF8*$!
{
	archiveVersion = 1;
	classes = {
	};
	objectVersion = 56;
	objects = {

/* Begin PBXBuildFile section */
		2EC46CE42A38ACFF00EFBAD9 /* AppDelegate.swift in Sources */ = {isa = PBXBuildFile; fileRef = 2EC46CE32A38ACFF00EFBAD9 /* AppDelegate.swift */; };
		2EC46CE82A38ACFF00EFBAD9 /* InstagramStoryVC.swift in Sources */ = {isa = PBXBuildFile; fileRef = 2EC46CE72A38ACFF00EFBAD9 /* InstagramStoryVC.swift */; };
		2EC46CEB2A38ACFF00EFBAD9 /* Main.storyboard in Resources */ = {isa = PBXBuildFile; fileRef = 2EC46CE92A38ACFF00EFBAD9 /* Main.storyboard */; };
		2EC46CED2A38AD0100EFBAD9 /* Assets.xcassets in Resources */ = {isa = PBXBuildFile; fileRef = 2EC46CEC2A38AD0100EFBAD9 /* Assets.xcassets */; };
		2EC46CF02A38AD0100EFBAD9 /* LaunchScreen.storyboard in Resources */ = {isa = PBXBuildFile; fileRef = 2EC46CEE2A38AD0100EFBAD9 /* LaunchScreen.storyboard */; };
		2EC46CFA2A38AFCE00EFBAD9 /* ColorKit in Frameworks */ = {isa = PBXBuildFile; productRef = 2EC46CF92A38AFCE00EFBAD9 /* ColorKit */; };
/* End PBXBuildFile section */

/* Begin PBXFileReference section */
		2EC46CE02A38ACFF00EFBAD9 /* InstagramStoryView.app */ = {isa = PBXFileReference; explicitFileType = wrapper.application; includeInIndex = 0; path = InstagramStoryView.app; sourceTree = BUILT_PRODUCTS_DIR; };
		2EC46CE32A38ACFF00EFBAD9 /* AppDelegate.swift */ = {isa = PBXFileReference; lastKnownFileType = sourcecode.swift; path = AppDelegate.swift; sourceTree = "<group>"; };
		2EC46CE72A38ACFF00EFBAD9 /* InstagramStoryVC.swift */ = {isa = PBXFileReference; lastKnownFileType = sourcecode.swift; path = InstagramStoryVC.swift; sourceTree = "<group>"; };
		2EC46CEA2A38ACFF00EFBAD9 /* Base */ = {isa = PBXFileReference; lastKnownFileType = file.storyboard; name = Base; path = Base.lproj/Main.storyboard; sourceTree = "<group>"; };
		2EC46CEC2A38AD0100EFBAD9 /* Assets.xcassets */ = {isa = PBXFileReference; lastKnownFileType = folder.assetcatalog; path = Assets.xcassets; sourceTree = "<group>"; };
		2EC46CEF2A38AD0100EFBAD9 /* Base */ = {isa = PBXFileReference; lastKnownFileType = file.storyboard; name = Base; path = Base.lproj/LaunchScreen.storyboard; sourceTree = "<group>"; };
		2EC46CF12A38AD0100EFBAD9 /* Info.plist */ = {isa = PBXFileReference; lastKnownFileType = text.plist.xml; path = Info.plist; sourceTree = "<group>"; };
/* End PBXFileReference section */

/* Begin PBXFrameworksBuildPhase section */
		2EC46CDD2A38ACFF00EFBAD9 /* Frameworks */ = {
			isa = PBXFrameworksBuildPhase;
			buildActionMask = 2147483647;
			files = (
				2EC46CFA2A38AFCE00EFBAD9 /* ColorKit in Frameworks */,
			);
			runOnlyForDeploymentPostprocessing = 0;
		};
/* End PBXFrameworksBuildPhase section */

/* Begin PBXGroup section */
		2EC46CD72A38ACFF00EFBAD9 = {
			isa = PBXGroup;
			children = (
				2EC46CE22A38ACFF00EFBAD9 /* InstagramStoryView */,
				2EC46CE12A38ACFF00EFBAD9 /* Products */,
			);
			sourceTree = "<group>";
		};
		2EC46CE12A38ACFF00EFBAD9 /* Products */ = {
			isa = PBXGroup;
			children = (
				2EC46CE02A38ACFF00EFBAD9 /* InstagramStoryView.app */,
			);
			name = Products;
			sourceTree = "<group>";
		};
		2EC46CE22A38ACFF00EFBAD9 /* InstagramStoryView */ = {
			isa = PBXGroup;
			children = (
				2EC46CE32A38ACFF00EFBAD9 /* AppDelegate.swift */,
				2EC46CE72A38ACFF00EFBAD9 /* InstagramStoryVC.swift */,
				2EC46CE92A38ACFF00EFBAD9 /* Main.storyboard */,
				2EC46CEC2A38AD0100EFBAD9 /* Assets.xcassets */,
				2EC46CEE2A38AD0100EFBAD9 /* LaunchScreen.storyboard */,
				2EC46CF12A38AD0100EFBAD9 /* Info.plist */,
			);
			path = InstagramStoryView;
			sourceTree = "<group>";
		};
/* End PBXGroup section */

/* Begin PBXNativeTarget section */
		2EC46CDF2A38ACFF00EFBAD9 /* InstagramStoryView */ = {
			isa = PBXNativeTarget;
			buildConfigurationList = 2EC46CF42A38AD0100EFBAD9 /* Build configuration list for PBXNativeTarget "InstagramStoryView" */;
			buildPhases = (
				2EC46CDC2A38ACFF00EFBAD9 /* Sources */,
				2EC46CDD2A38ACFF00EFBAD9 /* Frameworks */,
				2EC46CDE2A38ACFF00EFBAD9 /* Resources */,
			);
			buildRules = (
			);
			dependencies = (
			);
			name = InstagramStoryView;
			packageProductDependencies = (
				2EC46CF92A38AFCE00EFBAD9 /* ColorKit */,
			);
			productName = InstagramStoryView;
			productReference = 2EC46CE02A38ACFF00EFBAD9 /* InstagramStoryView.app */;
			productType = "com.apple.product-type.application";
		};
/* End PBXNativeTarget section */

/* Begin PBXProject section */
		2EC46CD82A38ACFF00EFBAD9 /* Project object */ = {
			isa = PBXProject;
			attributes = {
				BuildIndependentTargetsInParallel = 1;
				LastSwiftUpdateCheck = 1430;
				LastUpgradeCheck = 1430;
				TargetAttributes = {
					2EC46CDF2A38ACFF00EFBAD9 = {
						CreatedOnToolsVersion = 14.3;
					};
				};
			};
			buildConfigurationList = 2EC46CDB2A38ACFF00EFBAD9 /* Build configuration list for PBXProject "InstagramStoryView" */;
			compatibilityVersion = "Xcode 14.0";
			developmentRegion = en;
			hasScannedForEncodings = 0;
			knownRegions = (
				en,
				Base,
			);
			mainGroup = 2EC46CD72A38ACFF00EFBAD9;
			packageReferences = (
				2EC46CF82A38AFCE00EFBAD9 /* XCRemoteSwiftPackageReference "ColorKit" */,
			);
			productRefGroup = 2EC46CE12A38ACFF00EFBAD9 /* Products */;
			projectDirPath = "";
			projectRoot = "";
			targets = (
				2EC46CDF2A38ACFF00EFBAD9 /* InstagramStoryView */,
			);
		};
/* End PBXProject section */

/* Begin PBXResourcesBuildPhase section */
		2EC46CDE2A38ACFF00EFBAD9 /* Resources */ = {
			isa = PBXResourcesBuildPhase;
			buildActionMask = 2147483647;
			files = (
				2EC46CF02A38AD0100EFBAD9 /* LaunchScreen.storyboard in Resources */,
				2EC46CED2A38AD0100EFBAD9 /* Assets.xcassets in Resources */,
				2EC46CEB2A38ACFF00EFBAD9 /* Main.storyboard in Resources */,
			);
			runOnlyForDeploymentPostprocessing = 0;
		};
/* End PBXResourcesBuildPhase section */

/* Begin PBXSourcesBuildPhase section */
		2EC46CDC2A38ACFF00EFBAD9 /* Sources */ = {
			isa = PBXSourcesBuildPhase;
			buildActionMask = 2147483647;
			files = (
				2EC46CE82A38ACFF00EFBAD9 /* InstagramStoryVC.swift in Sources */,
				2EC46CE42A38ACFF00EFBAD9 /* AppDelegate.swift in Sources */,
			);
			runOnlyForDeploymentPostprocessing = 0;
		};
/* End PBXSourcesBuildPhase section */

/* Begin PBXVariantGroup section */
		2EC46CE92A38ACFF00EFBAD9 /* Main.storyboard */ = {
			isa = PBXVariantGroup;
			children = (
				2EC46CEA2A38ACFF00EFBAD9 /* Base */,
			);
			name = Main.storyboard;
			sourceTree = "<group>";
		};
		2EC46CEE2A38AD0100EFBAD9 /* LaunchScreen.storyboard */ = {
			isa = PBXVariantGroup;
			children = (
				2EC46CEF2A38AD0100EFBAD9 /* Base */,
			);
			name = LaunchScreen.storyboard;
			sourceTree = "<group>";
		};
/* End PBXVariantGroup section */

/* Begin XCBuildConfiguration section */
		2EC46CF22A38AD0100EFBAD9 /* Debug */ = {
			isa = XCBuildConfiguration;
			buildSettings = {
				ALWAYS_SEARCH_USER_PATHS = NO;
				CLANG_ANALYZER_NONNULL = YES;
				CLANG_ANALYZER_NUMBER_OBJECT_CONVERSION = YES_AGGRESSIVE;
				CLANG_CXX_LANGUAGE_STANDARD = "gnu++20";
				CLANG_ENABLE_MODULES = YES;
				CLANG_ENABLE_OBJC_ARC = YES;
				CLANG_ENABLE_OBJC_WEAK = YES;
				CLANG_WARN_BLOCK_CAPTURE_AUTORELEASING = YES;
				CLANG_WARN_BOOL_CONVERSION = YES;
				CLANG_WARN_COMMA = YES;
				CLANG_WARN_CONSTANT_CONVERSION = YES;
				CLANG_WARN_DEPRECATED_OBJC_IMPLEMENTATIONS = YES;
				CLANG_WARN_DIRECT_OBJC_ISA_USAGE = YES_ERROR;
				CLANG_WARN_DOCUMENTATION_COMMENTS = YES;
				CLANG_WARN_EMPTY_BODY = YES;
				CLANG_WARN_ENUM_CONVERSION = YES;
				CLANG_WARN_INFINITE_RECURSION = YES;
				CLANG_WARN_INT_CONVERSION = YES;
				CLANG_WARN_NON_LITERAL_NULL_CONVERSION = YES;
				CLANG_WARN_OBJC_IMPLICIT_RETAIN_SELF = YES;
				CLANG_WARN_OBJC_LITERAL_CONVERSION = YES;
				CLANG_WARN_OBJC_ROOT_CLASS = YES_ERROR;
				CLANG_WARN_QUOTED_INCLUDE_IN_FRAMEWORK_HEADER = YES;
				CLANG_WARN_RANGE_LOOP_ANALYSIS = YES;
				CLANG_WARN_STRICT_PROTOTYPES = YES;
				CLANG_WARN_SUSPICIOUS_MOVE = YES;
				CLANG_WARN_UNGUARDED_AVAILABILITY = YES_AGGRESSIVE;
				CLANG_WARN_UNREACHABLE_CODE = YES;
				CLANG_WARN__DUPLICATE_METHOD_MATCH = YES;
				COPY_PHASE_STRIP = NO;
				DEBUG_INFORMATION_FORMAT = dwarf;
				ENABLE_STRICT_OBJC_MSGSEND = YES;
				ENABLE_TESTABILITY = YES;
				GCC_C_LANGUAGE_STANDARD = gnu11;
				GCC_DYNAMIC_NO_PIC = NO;
				GCC_NO_COMMON_BLOCKS = YES;
				GCC_OPTIMIZATION_LEVEL = 0;
				GCC_PREPROCESSOR_DEFINITIONS = (
					"DEBUG=1",
					"$(inherited)",
				);
				GCC_WARN_64_TO_32_BIT_CONVERSION = YES;
				GCC_WARN_ABOUT_RETURN_TYPE = YES_ERROR;
				GCC_WARN_UNDECLARED_SELECTOR = YES;
				GCC_WARN_UNINITIALIZED_AUTOS = YES_AGGRESSIVE;
				GCC_WARN_UNUSED_FUNCTION = YES;
				GCC_WARN_UNUSED_VARIABLE = YES;
				IPHONEOS_DEPLOYMENT_TARGET = 16.4;
				MTL_ENABLE_DEBUG_INFO = INCLUDE_SOURCE;
				MTL_FAST_MATH = YES;
				ONLY_ACTIVE_ARCH = YES;
				SDKROOT = iphoneos;
				SWIFT_ACTIVE_COMPILATION_CONDITIONS = DEBUG;
				SWIFT_OPTIMIZATION_LEVEL = "-Onone";
			};
			name = Debug;
		};
		2EC46CF32A38AD0100EFBAD9 /* Release */ = {
			isa = XCBuildConfiguration;
			buildSettings = {
				ALWAYS_SEARCH_USER_PATHS = NO;
				CLANG_ANALYZER_NONNULL = YES;
				CLANG_ANALYZER_NUMBER_OBJECT_CONVERSION = YES_AGGRESSIVE;
				CLANG_CXX_LANGUAGE_STANDARD = "gnu++20";
				CLANG_ENABLE_MODULES = YES;
				CLANG_ENABLE_OBJC_ARC = YES;
				CLANG_ENABLE_OBJC_WEAK = YES;
				CLANG_WARN_BLOCK_CAPTURE_AUTORELEASING = YES;
				CLANG_WARN_BOOL_CONVERSION = YES;
				CLANG_WARN_COMMA = YES;
				CLANG_WARN_CONSTANT_CONVERSION = YES;
				CLANG_WARN_DEPRECATED_OBJC_IMPLEMENTATIONS = YES;
				CLANG_WARN_DIRECT_OBJC_ISA_USAGE = YES_ERROR;
				CLANG_WARN_DOCUMENTATION_COMMENTS = YES;
				CLANG_WARN_EMPTY_BODY = YES;
				CLANG_WARN_ENUM_CONVERSION = YES;
				CLANG_WARN_INFINITE_RECURSION = YES;
				CLANG_WARN_INT_CONVERSION = YES;
				CLANG_WARN_NON_LITERAL_NULL_CONVERSION = YES;
				CLANG_WARN_OBJC_IMPLICIT_RETAIN_SELF = YES;
				CLANG_WARN_OBJC_LITERAL_CONVERSION = YES;
				CLANG_WARN_OBJC_ROOT_CLASS = YES_ERROR;
				CLANG_WARN_QUOTED_INCLUDE_IN_FRAMEWORK_HEADER = YES;
				CLANG_WARN_RANGE_LOOP_ANALYSIS = YES;
				CLANG_WARN_STRICT_PROTOTYPES = YES;
				CLANG_WARN_SUSPICIOUS_MOVE = YES;
				CLANG_WARN_UNGUARDED_AVAILABILITY = YES_AGGRESSIVE;
				CLANG_WARN_UNREACHABLE_CODE = YES;
				CLANG_WARN__DUPLICATE_METHOD_MATCH = YES;
				COPY_PHASE_STRIP = NO;
				DEBUG_INFORMATION_FORMAT = "dwarf-with-dsym";
				ENABLE_NS_ASSERTIONS = NO;
				ENABLE_STRICT_OBJC_MSGSEND = YES;
				GCC_C_LANGUAGE_STANDARD = gnu11;
				GCC_NO_COMMON_BLOCKS = YES;
				GCC_WARN_64_TO_32_BIT_CONVERSION = YES;
				GCC_WARN_ABOUT_RETURN_TYPE = YES_ERROR;
				GCC_WARN_UNDECLARED_SELECTOR = YES;
				GCC_WARN_UNINITIALIZED_AUTOS = YES_AGGRESSIVE;
				GCC_WARN_UNUSED_FUNCTION = YES;
				GCC_WARN_UNUSED_VARIABLE = YES;
				IPHONEOS_DEPLOYMENT_TARGET = 16.4;
				MTL_ENABLE_DEBUG_INFO = NO;
				MTL_FAST_MATH = YES;
				SDKROOT = iphoneos;
				SWIFT_COMPILATION_MODE = wholemodule;
				SWIFT_OPTIMIZATION_LEVEL = "-O";
				VALIDATE_PRODUCT = YES;
			};
			name = Release;
		};
		2EC46CF52A38AD0100EFBAD9 /* Debug */ = {
			isa = XCBuildConfiguration;
			buildSettings = {
				ASSETCATALOG_COMPILER_APPICON_NAME = AppIcon;
				ASSETCATALOG_COMPILER_GLOBAL_ACCENT_COLOR_NAME = AccentColor;
				CODE_SIGN_STYLE = Automatic;
				CURRENT_PROJECT_VERSION = 1;
				GENERATE_INFOPLIST_FILE = YES;
				INFOPLIST_FILE = InstagramStoryView/Info.plist;
				INFOPLIST_KEY_UIApplicationSupportsIndirectInputEvents = YES;
				INFOPLIST_KEY_UILaunchStoryboardName = LaunchScreen;
				INFOPLIST_KEY_UIMainStoryboardFile = Main;
				INFOPLIST_KEY_UISupportedInterfaceOrientations = UIInterfaceOrientationPortrait;
				IPHONEOS_DEPLOYMENT_TARGET = 15.0;
				LD_RUNPATH_SEARCH_PATHS = (
					"$(inherited)",
					"@executable_path/Frameworks",
				);
				MARKETING_VERSION = 1.0;
				PRODUCT_BUNDLE_IDENTIFIER = com.app.InstagramStoryView;
				PRODUCT_NAME = "$(TARGET_NAME)";
				SWIFT_EMIT_LOC_STRINGS = YES;
				SWIFT_VERSION = 5.0;
				TARGETED_DEVICE_FAMILY = "1,2";
			};
			name = Debug;
		};
		2EC46CF62A38AD0100EFBAD9 /* Release */ = {
			isa = XCBuildConfiguration;
			buildSettings = {
				ASSETCATALOG_COMPILER_APPICON_NAME = AppIcon;
				ASSETCATALOG_COMPILER_GLOBAL_ACCENT_COLOR_NAME = AccentColor;
				CODE_SIGN_STYLE = Automatic;
				CURRENT_PROJECT_VERSION = 1;
				GENERATE_INFOPLIST_FILE = YES;
				INFOPLIST_FILE = InstagramStoryView/Info.plist;
				INFOPLIST_KEY_UIApplicationSupportsIndirectInputEvents = YES;
				INFOPLIST_KEY_UILaunchStoryboardName = LaunchScreen;
				INFOPLIST_KEY_UIMainStoryboardFile = Main;
				INFOPLIST_KEY_UISupportedInterfaceOrientations = UIInterfaceOrientationPortrait;
				IPHONEOS_DEPLOYMENT_TARGET = 15.0;
				LD_RUNPATH_SEARCH_PATHS = (
					"$(inherited)",
					"@executable_path/Frameworks",
				);
				MARKETING_VERSION = 1.0;
				PRODUCT_BUNDLE_IDENTIFIER = com.app.InstagramStoryView;
				PRODUCT_NAME = "$(TARGET_NAME)";
				SWIFT_EMIT_LOC_STRINGS = YES;
				SWIFT_VERSION = 5.0;
				TARGETED_DEVICE_FAMILY = "1,2";
			};
			name = Release;
		};
/* End XCBuildConfiguration section */

/* Begin XCConfigurationList section */
		2EC46CDB2A38ACFF00EFBAD9 /* Build configuration list for PBXProject "InstagramStoryView" */ = {
			isa = XCConfigurationList;
			buildConfigurations = (
				2EC46CF22A38AD0100EFBAD9 /* Debug */,
				2EC46CF32A38AD0100EFBAD9 /* Release */,
			);
			defaultConfigurationIsVisible = 0;
			defaultConfigurationName = Release;
		};
		2EC46CF42A38AD0100EFBAD9 /* Build configuration list for PBXNativeTarget "InstagramStoryView" */ = {
			isa = XCConfigurationList;
			buildConfigurations = (
				2EC46CF52A38AD0100EFBAD9 /* Debug */,
				2EC46CF62A38AD0100EFBAD9 /* Release */,
			);
			defaultConfigurationIsVisible = 0;
			defaultConfigurationName = Release;
		};
/* End XCConfigurationList section */

/* Begin XCRemoteSwiftPackageReference section */
		2EC46CF82A38AFCE00EFBAD9 /* XCRemoteSwiftPackageReference "ColorKit" */ = {
			isa = XCRemoteSwiftPackageReference;
			repositoryURL = "https://github.com/Boris-Em/ColorKit.git";
			requirement = {
				kind = upToNextMajorVersion;
				minimumVersion = 1.0.0;
			};
		};
/* End XCRemoteSwiftPackageReference section */

/* Begin XCSwiftPackageProductDependency section */
		2EC46CF92A38AFCE00EFBAD9 /* ColorKit */ = {
			isa = XCSwiftPackageProductDependency;
			package = 2EC46CF82A38AFCE00EFBAD9 /* XCRemoteSwiftPackageReference "ColorKit" */;
			productName = ColorKit;
		};
/* End XCSwiftPackageProductDependency section */
	};
	rootObject = 2EC46CD82A38ACFF00EFBAD9 /* Project object */;
}
